// !$*UTF8*$!
{
	archiveVersion = 1;
	classes = {
	};
	objectVersion = 56;
	objects = {

/* Begin PBXBuildFile section */
		7905D07E29F6D4CF005A093C /* FeedItem.swift in Sources */ = {isa = PBXBuildFile; fileRef = 79FEA63629ED5635008601CB /* FeedItem.swift */; };
		7905D07F29F6D4E7005A093C /* RemoteFeedLoader.swift in Sources */ = {isa = PBXBuildFile; fileRef = 79FEA63A29ED6F9C008601CB /* RemoteFeedLoader.swift */; };
		7905D08029F6D4EB005A093C /* FeedLoader.swift in Sources */ = {isa = PBXBuildFile; fileRef = 79FEA63529ED5635008601CB /* FeedLoader.swift */; };
		7905D08129F6D4EC005A093C /* FeedLoader.swift in Sources */ = {isa = PBXBuildFile; fileRef = 79FEA63529ED5635008601CB /* FeedLoader.swift */; };
		7905D08229F6D4EE005A093C /* FeedItem.swift in Sources */ = {isa = PBXBuildFile; fileRef = 79FEA63629ED5635008601CB /* FeedItem.swift */; };
		7909AABB2A012E7C0098FE02 /* XCTestCase+MemoryLeakTracking.swift in Sources */ = {isa = PBXBuildFile; fileRef = 7909AABA2A012E7C0098FE02 /* XCTestCase+MemoryLeakTracking.swift */; };
		79151C6B29ED300C00F8A06D /* AppDelegate.swift in Sources */ = {isa = PBXBuildFile; fileRef = 79151C6A29ED300C00F8A06D /* AppDelegate.swift */; };
		79151C6D29ED300C00F8A06D /* SceneDelegate.swift in Sources */ = {isa = PBXBuildFile; fileRef = 79151C6C29ED300C00F8A06D /* SceneDelegate.swift */; };
		79151C6F29ED300C00F8A06D /* ViewController.swift in Sources */ = {isa = PBXBuildFile; fileRef = 79151C6E29ED300C00F8A06D /* ViewController.swift */; };
		79151C7229ED300C00F8A06D /* Main.storyboard in Resources */ = {isa = PBXBuildFile; fileRef = 79151C7029ED300C00F8A06D /* Main.storyboard */; };
		79151C7429ED300E00F8A06D /* Assets.xcassets in Resources */ = {isa = PBXBuildFile; fileRef = 79151C7329ED300E00F8A06D /* Assets.xcassets */; };
		79151C7729ED300E00F8A06D /* LaunchScreen.storyboard in Resources */ = {isa = PBXBuildFile; fileRef = 79151C7529ED300E00F8A06D /* LaunchScreen.storyboard */; };
		79151C8229ED300E00F8A06D /* EssentialFeedTests.swift in Sources */ = {isa = PBXBuildFile; fileRef = 79151C8129ED300E00F8A06D /* EssentialFeedTests.swift */; };
		79151C8C29ED300E00F8A06D /* EssentialFeedUITests.swift in Sources */ = {isa = PBXBuildFile; fileRef = 79151C8B29ED300E00F8A06D /* EssentialFeedUITests.swift */; };
		79151C8E29ED300E00F8A06D /* EssentialFeedUITestsLaunchTests.swift in Sources */ = {isa = PBXBuildFile; fileRef = 79151C8D29ED300E00F8A06D /* EssentialFeedUITestsLaunchTests.swift */; };
		792B56EC2A0272B90056CC1B /* URLSessionHTTPClient.swift in Sources */ = {isa = PBXBuildFile; fileRef = 792B56EB2A0272B90056CC1B /* URLSessionHTTPClient.swift */; };
		792B56ED2A0272B90056CC1B /* URLSessionHTTPClient.swift in Sources */ = {isa = PBXBuildFile; fileRef = 792B56EB2A0272B90056CC1B /* URLSessionHTTPClient.swift */; };
		792CA28A29F968A5003C8930 /* HTTPClient.swift in Sources */ = {isa = PBXBuildFile; fileRef = 792CA28929F968A5003C8930 /* HTTPClient.swift */; };
		792CA28B29F968A5003C8930 /* HTTPClient.swift in Sources */ = {isa = PBXBuildFile; fileRef = 792CA28929F968A5003C8930 /* HTTPClient.swift */; };
		792CA28D29F96933003C8930 /* FeedItemsMapper.swift in Sources */ = {isa = PBXBuildFile; fileRef = 792CA28C29F96933003C8930 /* FeedItemsMapper.swift */; };
		792CA28E29F96933003C8930 /* FeedItemsMapper.swift in Sources */ = {isa = PBXBuildFile; fileRef = 792CA28C29F96933003C8930 /* FeedItemsMapper.swift */; };
		79D79F5A2A1B8B980084B071 /* EssentialFeedAPIEndToEndTests.swift in Sources */ = {isa = PBXBuildFile; fileRef = 79D79F592A1B8B980084B071 /* EssentialFeedAPIEndToEndTests.swift */; };
		79D79F602A1B8D000084B071 /* XCTestCase+MemoryLeakTracking.swift in Sources */ = {isa = PBXBuildFile; fileRef = 7909AABA2A012E7C0098FE02 /* XCTestCase+MemoryLeakTracking.swift */; };
		79FCE86429FFDEFE00733621 /* URLSessionHTTPClientTest.swift in Sources */ = {isa = PBXBuildFile; fileRef = 79FCE86329FFDEFE00733621 /* URLSessionHTTPClientTest.swift */; };
		79FEA63829ED5674008601CB /* RemoteFeedLoaderTest.swift in Sources */ = {isa = PBXBuildFile; fileRef = 79FEA63729ED5674008601CB /* RemoteFeedLoaderTest.swift */; };
		79FEA63B29ED6F9C008601CB /* RemoteFeedLoader.swift in Sources */ = {isa = PBXBuildFile; fileRef = 79FEA63A29ED6F9C008601CB /* RemoteFeedLoader.swift */; };
/* End PBXBuildFile section */

/* Begin PBXContainerItemProxy section */
		79151C7E29ED300E00F8A06D /* PBXContainerItemProxy */ = {
			isa = PBXContainerItemProxy;
			containerPortal = 79151C5F29ED300C00F8A06D /* Project object */;
			proxyType = 1;
			remoteGlobalIDString = 79151C6629ED300C00F8A06D;
			remoteInfo = EssentialFeed;
		};
		79151C8829ED300E00F8A06D /* PBXContainerItemProxy */ = {
			isa = PBXContainerItemProxy;
			containerPortal = 79151C5F29ED300C00F8A06D /* Project object */;
			proxyType = 1;
			remoteGlobalIDString = 79151C6629ED300C00F8A06D;
			remoteInfo = EssentialFeed;
		};
		79D79F5B2A1B8B980084B071 /* PBXContainerItemProxy */ = {
			isa = PBXContainerItemProxy;
			containerPortal = 79151C5F29ED300C00F8A06D /* Project object */;
			proxyType = 1;
			remoteGlobalIDString = 79151C6629ED300C00F8A06D;
			remoteInfo = EssentialFeed;
		};
/* End PBXContainerItemProxy section */

/* Begin PBXFileReference section */
		7909AABA2A012E7C0098FE02 /* XCTestCase+MemoryLeakTracking.swift */ = {isa = PBXFileReference; lastKnownFileType = sourcecode.swift; path = "XCTestCase+MemoryLeakTracking.swift"; sourceTree = "<group>"; };
		79151C6729ED300C00F8A06D /* EssentialFeed.app */ = {isa = PBXFileReference; explicitFileType = wrapper.application; includeInIndex = 0; path = EssentialFeed.app; sourceTree = BUILT_PRODUCTS_DIR; };
		79151C6A29ED300C00F8A06D /* AppDelegate.swift */ = {isa = PBXFileReference; lastKnownFileType = sourcecode.swift; path = AppDelegate.swift; sourceTree = "<group>"; };
		79151C6C29ED300C00F8A06D /* SceneDelegate.swift */ = {isa = PBXFileReference; lastKnownFileType = sourcecode.swift; path = SceneDelegate.swift; sourceTree = "<group>"; };
		79151C6E29ED300C00F8A06D /* ViewController.swift */ = {isa = PBXFileReference; lastKnownFileType = sourcecode.swift; path = ViewController.swift; sourceTree = "<group>"; };
		79151C7129ED300C00F8A06D /* Base */ = {isa = PBXFileReference; lastKnownFileType = file.storyboard; name = Base; path = Base.lproj/Main.storyboard; sourceTree = "<group>"; };
		79151C7329ED300E00F8A06D /* Assets.xcassets */ = {isa = PBXFileReference; lastKnownFileType = folder.assetcatalog; path = Assets.xcassets; sourceTree = "<group>"; };
		79151C7629ED300E00F8A06D /* Base */ = {isa = PBXFileReference; lastKnownFileType = file.storyboard; name = Base; path = Base.lproj/LaunchScreen.storyboard; sourceTree = "<group>"; };
		79151C7829ED300E00F8A06D /* Info.plist */ = {isa = PBXFileReference; lastKnownFileType = text.plist.xml; path = Info.plist; sourceTree = "<group>"; };
		79151C7D29ED300E00F8A06D /* EssentialFeedTests.xctest */ = {isa = PBXFileReference; explicitFileType = wrapper.cfbundle; includeInIndex = 0; path = EssentialFeedTests.xctest; sourceTree = BUILT_PRODUCTS_DIR; };
		79151C8129ED300E00F8A06D /* EssentialFeedTests.swift */ = {isa = PBXFileReference; lastKnownFileType = sourcecode.swift; path = EssentialFeedTests.swift; sourceTree = "<group>"; };
		79151C8729ED300E00F8A06D /* EssentialFeedUITests.xctest */ = {isa = PBXFileReference; explicitFileType = wrapper.cfbundle; includeInIndex = 0; path = EssentialFeedUITests.xctest; sourceTree = BUILT_PRODUCTS_DIR; };
		79151C8B29ED300E00F8A06D /* EssentialFeedUITests.swift */ = {isa = PBXFileReference; lastKnownFileType = sourcecode.swift; path = EssentialFeedUITests.swift; sourceTree = "<group>"; };
		79151C8D29ED300E00F8A06D /* EssentialFeedUITestsLaunchTests.swift */ = {isa = PBXFileReference; lastKnownFileType = sourcecode.swift; path = EssentialFeedUITestsLaunchTests.swift; sourceTree = "<group>"; };
		792B56EB2A0272B90056CC1B /* URLSessionHTTPClient.swift */ = {isa = PBXFileReference; lastKnownFileType = sourcecode.swift; path = URLSessionHTTPClient.swift; sourceTree = "<group>"; };
		792CA28929F968A5003C8930 /* HTTPClient.swift */ = {isa = PBXFileReference; lastKnownFileType = sourcecode.swift; path = HTTPClient.swift; sourceTree = "<group>"; };
		792CA28C29F96933003C8930 /* FeedItemsMapper.swift */ = {isa = PBXFileReference; lastKnownFileType = sourcecode.swift; path = FeedItemsMapper.swift; sourceTree = "<group>"; };
		79D79F452A1B865B0084B071 /* EssentialFeedTests.xctestplan */ = {isa = PBXFileReference; lastKnownFileType = file; name = EssentialFeedTests.xctestplan; path = EssentialFeedAPIEndToEndTests/EssentialFeedTests.xctestplan; sourceTree = SOURCE_ROOT; };
		79D79F572A1B8B980084B071 /* EssentialFeedAPIEndToEndTests.xctest */ = {isa = PBXFileReference; explicitFileType = wrapper.cfbundle; includeInIndex = 0; path = EssentialFeedAPIEndToEndTests.xctest; sourceTree = BUILT_PRODUCTS_DIR; };
		79D79F592A1B8B980084B071 /* EssentialFeedAPIEndToEndTests.swift */ = {isa = PBXFileReference; lastKnownFileType = sourcecode.swift; path = EssentialFeedAPIEndToEndTests.swift; sourceTree = "<group>"; };
		79D79F612A1B8E4E0084B071 /* CI.xctestplan */ = {isa = PBXFileReference; lastKnownFileType = text; name = CI.xctestplan; path = EssentialFeedAPIEndToEndTests/CI.xctestplan; sourceTree = "<group>"; };
		79FCE86329FFDEFE00733621 /* URLSessionHTTPClientTest.swift */ = {isa = PBXFileReference; lastKnownFileType = sourcecode.swift; path = URLSessionHTTPClientTest.swift; sourceTree = "<group>"; };
		79FEA63529ED5635008601CB /* FeedLoader.swift */ = {isa = PBXFileReference; lastKnownFileType = sourcecode.swift; path = FeedLoader.swift; sourceTree = "<group>"; };
		79FEA63629ED5635008601CB /* FeedItem.swift */ = {isa = PBXFileReference; lastKnownFileType = sourcecode.swift; path = FeedItem.swift; sourceTree = "<group>"; };
		79FEA63729ED5674008601CB /* RemoteFeedLoaderTest.swift */ = {isa = PBXFileReference; lastKnownFileType = sourcecode.swift; path = RemoteFeedLoaderTest.swift; sourceTree = "<group>"; };
		79FEA63A29ED6F9C008601CB /* RemoteFeedLoader.swift */ = {isa = PBXFileReference; lastKnownFileType = sourcecode.swift; path = RemoteFeedLoader.swift; sourceTree = "<group>"; };
/* End PBXFileReference section */

/* Begin PBXFrameworksBuildPhase section */
		79151C6429ED300C00F8A06D /* Frameworks */ = {
			isa = PBXFrameworksBuildPhase;
			buildActionMask = 2147483647;
			files = (
			);
			runOnlyForDeploymentPostprocessing = 0;
		};
		79151C7A29ED300E00F8A06D /* Frameworks */ = {
			isa = PBXFrameworksBuildPhase;
			buildActionMask = 2147483647;
			files = (
			);
			runOnlyForDeploymentPostprocessing = 0;
		};
		79151C8429ED300E00F8A06D /* Frameworks */ = {
			isa = PBXFrameworksBuildPhase;
			buildActionMask = 2147483647;
			files = (
			);
			runOnlyForDeploymentPostprocessing = 0;
		};
		79D79F542A1B8B980084B071 /* Frameworks */ = {
			isa = PBXFrameworksBuildPhase;
			buildActionMask = 2147483647;
			files = (
			);
			runOnlyForDeploymentPostprocessing = 0;
		};
/* End PBXFrameworksBuildPhase section */

/* Begin PBXGroup section */
		7909AAB92A012C810098FE02 /* Helpers */ = {
			isa = PBXGroup;
			children = (
				7909AABA2A012E7C0098FE02 /* XCTestCase+MemoryLeakTracking.swift */,
			);
			path = Helpers;
			sourceTree = "<group>";
		};
		79151C5E29ED300C00F8A06D = {
			isa = PBXGroup;
			children = (
				79D79F612A1B8E4E0084B071 /* CI.xctestplan */,
				79FEA63929ED6F6D008601CB /* Feed API */,
				79151C6929ED300C00F8A06D /* EssentialFeed */,
				79151C8029ED300E00F8A06D /* EssentialFeedTests */,
				79151C8A29ED300E00F8A06D /* EssentialFeedUITests */,
				79D79F582A1B8B980084B071 /* EssentialFeedAPIEndToEndTests */,
				79151C6829ED300C00F8A06D /* Products */,
			);
			sourceTree = "<group>";
		};
		79151C6829ED300C00F8A06D /* Products */ = {
			isa = PBXGroup;
			children = (
				79151C6729ED300C00F8A06D /* EssentialFeed.app */,
				79151C7D29ED300E00F8A06D /* EssentialFeedTests.xctest */,
				79151C8729ED300E00F8A06D /* EssentialFeedUITests.xctest */,
				79D79F572A1B8B980084B071 /* EssentialFeedAPIEndToEndTests.xctest */,
			);
			name = Products;
			sourceTree = "<group>";
		};
		79151C6929ED300C00F8A06D /* EssentialFeed */ = {
			isa = PBXGroup;
			children = (
				79FEA63429ED5635008601CB /* FeedFeature */,
				79151C6A29ED300C00F8A06D /* AppDelegate.swift */,
				79151C6C29ED300C00F8A06D /* SceneDelegate.swift */,
				79151C6E29ED300C00F8A06D /* ViewController.swift */,
				79151C7029ED300C00F8A06D /* Main.storyboard */,
				79151C7329ED300E00F8A06D /* Assets.xcassets */,
				79151C7529ED300E00F8A06D /* LaunchScreen.storyboard */,
				79151C7829ED300E00F8A06D /* Info.plist */,
			);
			path = EssentialFeed;
			sourceTree = "<group>";
		};
		79151C8029ED300E00F8A06D /* EssentialFeedTests */ = {
			isa = PBXGroup;
			children = (
				793D69B529FB169A007B819C /* Feed API */,
				79151C8129ED300E00F8A06D /* EssentialFeedTests.swift */,
				79D79F452A1B865B0084B071 /* EssentialFeedTests.xctestplan */,
			);
			path = EssentialFeedTests;
			sourceTree = "<group>";
		};
		79151C8A29ED300E00F8A06D /* EssentialFeedUITests */ = {
			isa = PBXGroup;
			children = (
				79151C8B29ED300E00F8A06D /* EssentialFeedUITests.swift */,
				79151C8D29ED300E00F8A06D /* EssentialFeedUITestsLaunchTests.swift */,
			);
			path = EssentialFeedUITests;
			sourceTree = "<group>";
		};
		793D69B529FB169A007B819C /* Feed API */ = {
			isa = PBXGroup;
			children = (
				7909AAB92A012C810098FE02 /* Helpers */,
				79FEA63729ED5674008601CB /* RemoteFeedLoaderTest.swift */,
				79FCE86329FFDEFE00733621 /* URLSessionHTTPClientTest.swift */,
			);
			path = "Feed API";
			sourceTree = "<group>";
		};
		79D79F582A1B8B980084B071 /* EssentialFeedAPIEndToEndTests */ = {
			isa = PBXGroup;
			children = (
				79D79F592A1B8B980084B071 /* EssentialFeedAPIEndToEndTests.swift */,
			);
			path = EssentialFeedAPIEndToEndTests;
			sourceTree = "<group>";
		};
		79FEA63429ED5635008601CB /* FeedFeature */ = {
			isa = PBXGroup;
			children = (
				79FEA63529ED5635008601CB /* FeedLoader.swift */,
				79FEA63629ED5635008601CB /* FeedItem.swift */,
			);
			path = FeedFeature;
			sourceTree = "<group>";
		};
		79FEA63929ED6F6D008601CB /* Feed API */ = {
			isa = PBXGroup;
			children = (
				79FEA63A29ED6F9C008601CB /* RemoteFeedLoader.swift */,
				792CA28929F968A5003C8930 /* HTTPClient.swift */,
				792CA28C29F96933003C8930 /* FeedItemsMapper.swift */,
				792B56EB2A0272B90056CC1B /* URLSessionHTTPClient.swift */,
			);
			path = "Feed API";
			sourceTree = "<group>";
		};
/* End PBXGroup section */

/* Begin PBXNativeTarget section */
		79151C6629ED300C00F8A06D /* EssentialFeed */ = {
			isa = PBXNativeTarget;
			buildConfigurationList = 79151C9129ED300E00F8A06D /* Build configuration list for PBXNativeTarget "EssentialFeed" */;
			buildPhases = (
				79151C6329ED300C00F8A06D /* Sources */,
				79151C6429ED300C00F8A06D /* Frameworks */,
				79151C6529ED300C00F8A06D /* Resources */,
			);
			buildRules = (
			);
			dependencies = (
			);
			name = EssentialFeed;
			productName = EssentialFeed;
			productReference = 79151C6729ED300C00F8A06D /* EssentialFeed.app */;
			productType = "com.apple.product-type.application";
		};
		79151C7C29ED300E00F8A06D /* EssentialFeedTests */ = {
			isa = PBXNativeTarget;
			buildConfigurationList = 79151C9429ED300E00F8A06D /* Build configuration list for PBXNativeTarget "EssentialFeedTests" */;
			buildPhases = (
				79151C7929ED300E00F8A06D /* Sources */,
				79151C7A29ED300E00F8A06D /* Frameworks */,
				79151C7B29ED300E00F8A06D /* Resources */,
			);
			buildRules = (
			);
			dependencies = (
				79151C7F29ED300E00F8A06D /* PBXTargetDependency */,
			);
			name = EssentialFeedTests;
			productName = EssentialFeedTests;
			productReference = 79151C7D29ED300E00F8A06D /* EssentialFeedTests.xctest */;
			productType = "com.apple.product-type.bundle.unit-test";
		};
		79151C8629ED300E00F8A06D /* EssentialFeedUITests */ = {
			isa = PBXNativeTarget;
			buildConfigurationList = 79151C9729ED300E00F8A06D /* Build configuration list for PBXNativeTarget "EssentialFeedUITests" */;
			buildPhases = (
				79151C8329ED300E00F8A06D /* Sources */,
				79151C8429ED300E00F8A06D /* Frameworks */,
				79151C8529ED300E00F8A06D /* Resources */,
			);
			buildRules = (
			);
			dependencies = (
				79151C8929ED300E00F8A06D /* PBXTargetDependency */,
			);
			name = EssentialFeedUITests;
			productName = EssentialFeedUITests;
			productReference = 79151C8729ED300E00F8A06D /* EssentialFeedUITests.xctest */;
			productType = "com.apple.product-type.bundle.ui-testing";
		};
		79D79F562A1B8B980084B071 /* EssentialFeedAPIEndToEndTests */ = {
			isa = PBXNativeTarget;
			buildConfigurationList = 79D79F5D2A1B8B980084B071 /* Build configuration list for PBXNativeTarget "EssentialFeedAPIEndToEndTests" */;
			buildPhases = (
				79D79F532A1B8B980084B071 /* Sources */,
				79D79F542A1B8B980084B071 /* Frameworks */,
				79D79F552A1B8B980084B071 /* Resources */,
			);
			buildRules = (
			);
			dependencies = (
				79D79F5C2A1B8B980084B071 /* PBXTargetDependency */,
			);
			name = EssentialFeedAPIEndToEndTests;
			productName = EssentialFeedAPIEndToEndTests;
			productReference = 79D79F572A1B8B980084B071 /* EssentialFeedAPIEndToEndTests.xctest */;
			productType = "com.apple.product-type.bundle.unit-test";
		};
/* End PBXNativeTarget section */

/* Begin PBXProject section */
		79151C5F29ED300C00F8A06D /* Project object */ = {
			isa = PBXProject;
			attributes = {
				BuildIndependentTargetsInParallel = 1;
				LastSwiftUpdateCheck = 1430;
				LastUpgradeCheck = 1430;
				TargetAttributes = {
					79151C6629ED300C00F8A06D = {
						CreatedOnToolsVersion = 14.3;
					};
					79151C7C29ED300E00F8A06D = {
						CreatedOnToolsVersion = 14.3;
						TestTargetID = 79151C6629ED300C00F8A06D;
					};
					79151C8629ED300E00F8A06D = {
						CreatedOnToolsVersion = 14.3;
						TestTargetID = 79151C6629ED300C00F8A06D;
					};
					79D79F562A1B8B980084B071 = {
						CreatedOnToolsVersion = 14.3;
						TestTargetID = 79151C6629ED300C00F8A06D;
					};
				};
			};
			buildConfigurationList = 79151C6229ED300C00F8A06D /* Build configuration list for PBXProject "EssentialFeed" */;
			compatibilityVersion = "Xcode 14.0";
			developmentRegion = en;
			hasScannedForEncodings = 0;
			knownRegions = (
				en,
				Base,
			);
			mainGroup = 79151C5E29ED300C00F8A06D;
			productRefGroup = 79151C6829ED300C00F8A06D /* Products */;
			projectDirPath = "";
			projectRoot = "";
			targets = (
				79151C6629ED300C00F8A06D /* EssentialFeed */,
				79151C7C29ED300E00F8A06D /* EssentialFeedTests */,
				79D79F562A1B8B980084B071 /* EssentialFeedAPIEndToEndTests */,
				79151C8629ED300E00F8A06D /* EssentialFeedUITests */,
			);
		};
/* End PBXProject section */

/* Begin PBXResourcesBuildPhase section */
		79151C6529ED300C00F8A06D /* Resources */ = {
			isa = PBXResourcesBuildPhase;
			buildActionMask = 2147483647;
			files = (
				79151C7729ED300E00F8A06D /* LaunchScreen.storyboard in Resources */,
				79151C7429ED300E00F8A06D /* Assets.xcassets in Resources */,
				79151C7229ED300C00F8A06D /* Main.storyboard in Resources */,
			);
			runOnlyForDeploymentPostprocessing = 0;
		};
		79151C7B29ED300E00F8A06D /* Resources */ = {
			isa = PBXResourcesBuildPhase;
			buildActionMask = 2147483647;
			files = (
			);
			runOnlyForDeploymentPostprocessing = 0;
		};
		79151C8529ED300E00F8A06D /* Resources */ = {
			isa = PBXResourcesBuildPhase;
			buildActionMask = 2147483647;
			files = (
			);
			runOnlyForDeploymentPostprocessing = 0;
		};
		79D79F552A1B8B980084B071 /* Resources */ = {
			isa = PBXResourcesBuildPhase;
			buildActionMask = 2147483647;
			files = (
			);
			runOnlyForDeploymentPostprocessing = 0;
		};
/* End PBXResourcesBuildPhase section */

/* Begin PBXSourcesBuildPhase section */
		79151C6329ED300C00F8A06D /* Sources */ = {
			isa = PBXSourcesBuildPhase;
			buildActionMask = 2147483647;
			files = (
				7905D08029F6D4EB005A093C /* FeedLoader.swift in Sources */,
				7905D07E29F6D4CF005A093C /* FeedItem.swift in Sources */,
				79151C6F29ED300C00F8A06D /* ViewController.swift in Sources */,
				792CA28D29F96933003C8930 /* FeedItemsMapper.swift in Sources */,
				792CA28A29F968A5003C8930 /* HTTPClient.swift in Sources */,
				79151C6B29ED300C00F8A06D /* AppDelegate.swift in Sources */,
				7905D07F29F6D4E7005A093C /* RemoteFeedLoader.swift in Sources */,
				79151C6D29ED300C00F8A06D /* SceneDelegate.swift in Sources */,
				792B56EC2A0272B90056CC1B /* URLSessionHTTPClient.swift in Sources */,
			);
			runOnlyForDeploymentPostprocessing = 0;
		};
		79151C7929ED300E00F8A06D /* Sources */ = {
			isa = PBXSourcesBuildPhase;
			buildActionMask = 2147483647;
			files = (
				79FEA63829ED5674008601CB /* RemoteFeedLoaderTest.swift in Sources */,
				792B56ED2A0272B90056CC1B /* URLSessionHTTPClient.swift in Sources */,
				79FEA63B29ED6F9C008601CB /* RemoteFeedLoader.swift in Sources */,
				7909AABB2A012E7C0098FE02 /* XCTestCase+MemoryLeakTracking.swift in Sources */,
				792CA28B29F968A5003C8930 /* HTTPClient.swift in Sources */,
				792CA28E29F96933003C8930 /* FeedItemsMapper.swift in Sources */,
				7905D08129F6D4EC005A093C /* FeedLoader.swift in Sources */,
				7905D08229F6D4EE005A093C /* FeedItem.swift in Sources */,
				79151C8229ED300E00F8A06D /* EssentialFeedTests.swift in Sources */,
				79FCE86429FFDEFE00733621 /* URLSessionHTTPClientTest.swift in Sources */,
			);
			runOnlyForDeploymentPostprocessing = 0;
		};
		79151C8329ED300E00F8A06D /* Sources */ = {
			isa = PBXSourcesBuildPhase;
			buildActionMask = 2147483647;
			files = (
				79151C8C29ED300E00F8A06D /* EssentialFeedUITests.swift in Sources */,
				79151C8E29ED300E00F8A06D /* EssentialFeedUITestsLaunchTests.swift in Sources */,
			);
			runOnlyForDeploymentPostprocessing = 0;
		};
		79D79F532A1B8B980084B071 /* Sources */ = {
			isa = PBXSourcesBuildPhase;
			buildActionMask = 2147483647;
			files = (
				79D79F5A2A1B8B980084B071 /* EssentialFeedAPIEndToEndTests.swift in Sources */,
				79D79F602A1B8D000084B071 /* XCTestCase+MemoryLeakTracking.swift in Sources */,
			);
			runOnlyForDeploymentPostprocessing = 0;
		};
/* End PBXSourcesBuildPhase section */

/* Begin PBXTargetDependency section */
		79151C7F29ED300E00F8A06D /* PBXTargetDependency */ = {
			isa = PBXTargetDependency;
			target = 79151C6629ED300C00F8A06D /* EssentialFeed */;
			targetProxy = 79151C7E29ED300E00F8A06D /* PBXContainerItemProxy */;
		};
		79151C8929ED300E00F8A06D /* PBXTargetDependency */ = {
			isa = PBXTargetDependency;
			target = 79151C6629ED300C00F8A06D /* EssentialFeed */;
			targetProxy = 79151C8829ED300E00F8A06D /* PBXContainerItemProxy */;
		};
		79D79F5C2A1B8B980084B071 /* PBXTargetDependency */ = {
			isa = PBXTargetDependency;
			target = 79151C6629ED300C00F8A06D /* EssentialFeed */;
			targetProxy = 79D79F5B2A1B8B980084B071 /* PBXContainerItemProxy */;
		};
/* End PBXTargetDependency section */

/* Begin PBXVariantGroup section */
		79151C7029ED300C00F8A06D /* Main.storyboard */ = {
			isa = PBXVariantGroup;
			children = (
				79151C7129ED300C00F8A06D /* Base */,
			);
			name = Main.storyboard;
			sourceTree = "<group>";
		};
		79151C7529ED300E00F8A06D /* LaunchScreen.storyboard */ = {
			isa = PBXVariantGroup;
			children = (
				79151C7629ED300E00F8A06D /* Base */,
			);
			name = LaunchScreen.storyboard;
			sourceTree = "<group>";
		};
/* End PBXVariantGroup section */

/* Begin XCBuildConfiguration section */
		79151C8F29ED300E00F8A06D /* Debug */ = {
			isa = XCBuildConfiguration;
			buildSettings = {
				ALWAYS_SEARCH_USER_PATHS = NO;
				CLANG_ANALYZER_NONNULL = YES;
				CLANG_ANALYZER_NUMBER_OBJECT_CONVERSION = YES_AGGRESSIVE;
				CLANG_CXX_LANGUAGE_STANDARD = "gnu++20";
				CLANG_ENABLE_MODULES = YES;
				CLANG_ENABLE_OBJC_ARC = YES;
				CLANG_ENABLE_OBJC_WEAK = YES;
				CLANG_WARN_BLOCK_CAPTURE_AUTORELEASING = YES;
				CLANG_WARN_BOOL_CONVERSION = YES;
				CLANG_WARN_COMMA = YES;
				CLANG_WARN_CONSTANT_CONVERSION = YES;
				CLANG_WARN_DEPRECATED_OBJC_IMPLEMENTATIONS = YES;
				CLANG_WARN_DIRECT_OBJC_ISA_USAGE = YES_ERROR;
				CLANG_WARN_DOCUMENTATION_COMMENTS = YES;
				CLANG_WARN_EMPTY_BODY = YES;
				CLANG_WARN_ENUM_CONVERSION = YES;
				CLANG_WARN_INFINITE_RECURSION = YES;
				CLANG_WARN_INT_CONVERSION = YES;
				CLANG_WARN_NON_LITERAL_NULL_CONVERSION = YES;
				CLANG_WARN_OBJC_IMPLICIT_RETAIN_SELF = YES;
				CLANG_WARN_OBJC_LITERAL_CONVERSION = YES;
				CLANG_WARN_OBJC_ROOT_CLASS = YES_ERROR;
				CLANG_WARN_QUOTED_INCLUDE_IN_FRAMEWORK_HEADER = YES;
				CLANG_WARN_RANGE_LOOP_ANALYSIS = YES;
				CLANG_WARN_STRICT_PROTOTYPES = YES;
				CLANG_WARN_SUSPICIOUS_MOVE = YES;
				CLANG_WARN_UNGUARDED_AVAILABILITY = YES_AGGRESSIVE;
				CLANG_WARN_UNREACHABLE_CODE = YES;
				CLANG_WARN__DUPLICATE_METHOD_MATCH = YES;
				COPY_PHASE_STRIP = NO;
				DEBUG_INFORMATION_FORMAT = dwarf;
				ENABLE_STRICT_OBJC_MSGSEND = YES;
				ENABLE_TESTABILITY = YES;
				GCC_C_LANGUAGE_STANDARD = gnu11;
				GCC_DYNAMIC_NO_PIC = NO;
				GCC_NO_COMMON_BLOCKS = YES;
				GCC_OPTIMIZATION_LEVEL = 0;
				GCC_PREPROCESSOR_DEFINITIONS = (
					"DEBUG=1",
					"$(inherited)",
				);
				GCC_WARN_64_TO_32_BIT_CONVERSION = YES;
				GCC_WARN_ABOUT_RETURN_TYPE = YES_ERROR;
				GCC_WARN_UNDECLARED_SELECTOR = YES;
				GCC_WARN_UNINITIALIZED_AUTOS = YES_AGGRESSIVE;
				GCC_WARN_UNUSED_FUNCTION = YES;
				GCC_WARN_UNUSED_VARIABLE = YES;
				IPHONEOS_DEPLOYMENT_TARGET = 16.4;
				MTL_ENABLE_DEBUG_INFO = INCLUDE_SOURCE;
				MTL_FAST_MATH = YES;
				ONLY_ACTIVE_ARCH = YES;
				SDKROOT = iphoneos;
				SWIFT_ACTIVE_COMPILATION_CONDITIONS = DEBUG;
				SWIFT_OPTIMIZATION_LEVEL = "-Onone";
			};
			name = Debug;
		};
		79151C9029ED300E00F8A06D /* Release */ = {
			isa = XCBuildConfiguration;
			buildSettings = {
				ALWAYS_SEARCH_USER_PATHS = NO;
				CLANG_ANALYZER_NONNULL = YES;
				CLANG_ANALYZER_NUMBER_OBJECT_CONVERSION = YES_AGGRESSIVE;
				CLANG_CXX_LANGUAGE_STANDARD = "gnu++20";
				CLANG_ENABLE_MODULES = YES;
				CLANG_ENABLE_OBJC_ARC = YES;
				CLANG_ENABLE_OBJC_WEAK = YES;
				CLANG_WARN_BLOCK_CAPTURE_AUTORELEASING = YES;
				CLANG_WARN_BOOL_CONVERSION = YES;
				CLANG_WARN_COMMA = YES;
				CLANG_WARN_CONSTANT_CONVERSION = YES;
				CLANG_WARN_DEPRECATED_OBJC_IMPLEMENTATIONS = YES;
				CLANG_WARN_DIRECT_OBJC_ISA_USAGE = YES_ERROR;
				CLANG_WARN_DOCUMENTATION_COMMENTS = YES;
				CLANG_WARN_EMPTY_BODY = YES;
				CLANG_WARN_ENUM_CONVERSION = YES;
				CLANG_WARN_INFINITE_RECURSION = YES;
				CLANG_WARN_INT_CONVERSION = YES;
				CLANG_WARN_NON_LITERAL_NULL_CONVERSION = YES;
				CLANG_WARN_OBJC_IMPLICIT_RETAIN_SELF = YES;
				CLANG_WARN_OBJC_LITERAL_CONVERSION = YES;
				CLANG_WARN_OBJC_ROOT_CLASS = YES_ERROR;
				CLANG_WARN_QUOTED_INCLUDE_IN_FRAMEWORK_HEADER = YES;
				CLANG_WARN_RANGE_LOOP_ANALYSIS = YES;
				CLANG_WARN_STRICT_PROTOTYPES = YES;
				CLANG_WARN_SUSPICIOUS_MOVE = YES;
				CLANG_WARN_UNGUARDED_AVAILABILITY = YES_AGGRESSIVE;
				CLANG_WARN_UNREACHABLE_CODE = YES;
				CLANG_WARN__DUPLICATE_METHOD_MATCH = YES;
				COPY_PHASE_STRIP = NO;
				DEBUG_INFORMATION_FORMAT = "dwarf-with-dsym";
				ENABLE_NS_ASSERTIONS = NO;
				ENABLE_STRICT_OBJC_MSGSEND = YES;
				GCC_C_LANGUAGE_STANDARD = gnu11;
				GCC_NO_COMMON_BLOCKS = YES;
				GCC_WARN_64_TO_32_BIT_CONVERSION = YES;
				GCC_WARN_ABOUT_RETURN_TYPE = YES_ERROR;
				GCC_WARN_UNDECLARED_SELECTOR = YES;
				GCC_WARN_UNINITIALIZED_AUTOS = YES_AGGRESSIVE;
				GCC_WARN_UNUSED_FUNCTION = YES;
				GCC_WARN_UNUSED_VARIABLE = YES;
				IPHONEOS_DEPLOYMENT_TARGET = 16.4;
				MTL_ENABLE_DEBUG_INFO = NO;
				MTL_FAST_MATH = YES;
				SDKROOT = iphoneos;
				SWIFT_COMPILATION_MODE = wholemodule;
				SWIFT_OPTIMIZATION_LEVEL = "-O";
				VALIDATE_PRODUCT = YES;
			};
			name = Release;
		};
		79151C9229ED300E00F8A06D /* Debug */ = {
			isa = XCBuildConfiguration;
			buildSettings = {
				ASSETCATALOG_COMPILER_APPICON_NAME = AppIcon;
				ASSETCATALOG_COMPILER_GLOBAL_ACCENT_COLOR_NAME = AccentColor;
				CODE_SIGN_IDENTITY = "Apple Development";
				CODE_SIGN_STYLE = Automatic;
				CURRENT_PROJECT_VERSION = 1;
				DEVELOPMENT_TEAM = TJHELXE2A8;
				GENERATE_INFOPLIST_FILE = YES;
				INFOPLIST_FILE = EssentialFeed/Info.plist;
				INFOPLIST_KEY_UIApplicationSupportsIndirectInputEvents = YES;
				INFOPLIST_KEY_UILaunchStoryboardName = LaunchScreen;
				INFOPLIST_KEY_UIMainStoryboardFile = Main;
				INFOPLIST_KEY_UISupportedInterfaceOrientations_iPad = "UIInterfaceOrientationPortrait UIInterfaceOrientationPortraitUpsideDown UIInterfaceOrientationLandscapeLeft UIInterfaceOrientationLandscapeRight";
				INFOPLIST_KEY_UISupportedInterfaceOrientations_iPhone = "UIInterfaceOrientationPortrait UIInterfaceOrientationLandscapeLeft UIInterfaceOrientationLandscapeRight";
				LD_RUNPATH_SEARCH_PATHS = (
					"$(inherited)",
					"@executable_path/Frameworks",
				);
				MARKETING_VERSION = 1.0;
				PRODUCT_BUNDLE_IDENTIFIER = prima.medios.pagos;
				PRODUCT_NAME = "$(TARGET_NAME)";
				PROVISIONING_PROFILE_SPECIFIER = "";
				SWIFT_EMIT_LOC_STRINGS = YES;
				SWIFT_VERSION = 5.0;
				TARGETED_DEVICE_FAMILY = "1,2";
			};
			name = Debug;
		};
		79151C9329ED300E00F8A06D /* Release */ = {
			isa = XCBuildConfiguration;
			buildSettings = {
				ASSETCATALOG_COMPILER_APPICON_NAME = AppIcon;
				ASSETCATALOG_COMPILER_GLOBAL_ACCENT_COLOR_NAME = AccentColor;
				CODE_SIGN_IDENTITY = "Apple Development";
				CODE_SIGN_STYLE = Automatic;
				CURRENT_PROJECT_VERSION = 1;
				DEVELOPMENT_TEAM = TJHELXE2A8;
				GENERATE_INFOPLIST_FILE = YES;
				INFOPLIST_FILE = EssentialFeed/Info.plist;
				INFOPLIST_KEY_UIApplicationSupportsIndirectInputEvents = YES;
				INFOPLIST_KEY_UILaunchStoryboardName = LaunchScreen;
				INFOPLIST_KEY_UIMainStoryboardFile = Main;
				INFOPLIST_KEY_UISupportedInterfaceOrientations_iPad = "UIInterfaceOrientationPortrait UIInterfaceOrientationPortraitUpsideDown UIInterfaceOrientationLandscapeLeft UIInterfaceOrientationLandscapeRight";
				INFOPLIST_KEY_UISupportedInterfaceOrientations_iPhone = "UIInterfaceOrientationPortrait UIInterfaceOrientationLandscapeLeft UIInterfaceOrientationLandscapeRight";
				LD_RUNPATH_SEARCH_PATHS = (
					"$(inherited)",
					"@executable_path/Frameworks",
				);
				MARKETING_VERSION = 1.0;
				PRODUCT_BUNDLE_IDENTIFIER = prima.medios.pagos;
				PRODUCT_NAME = "$(TARGET_NAME)";
				PROVISIONING_PROFILE_SPECIFIER = "";
				SWIFT_EMIT_LOC_STRINGS = YES;
				SWIFT_VERSION = 5.0;
				TARGETED_DEVICE_FAMILY = "1,2";
			};
			name = Release;
		};
		79151C9529ED300E00F8A06D /* Debug */ = {
			isa = XCBuildConfiguration;
			buildSettings = {
				ALWAYS_EMBED_SWIFT_STANDARD_LIBRARIES = YES;
				BUNDLE_LOADER = "$(TEST_HOST)";
				CODE_SIGN_STYLE = Automatic;
				CURRENT_PROJECT_VERSION = 1;
				GENERATE_INFOPLIST_FILE = YES;
				IPHONEOS_DEPLOYMENT_TARGET = 16.4;
				MARKETING_VERSION = 1.0;
				PRODUCT_BUNDLE_IDENTIFIER = jl.coporation.EssentialFeedTests;
				PRODUCT_NAME = "$(TARGET_NAME)";
				SWIFT_EMIT_LOC_STRINGS = NO;
				SWIFT_VERSION = 5.0;
				TARGETED_DEVICE_FAMILY = "1,2";
				TEST_HOST = "$(BUILT_PRODUCTS_DIR)/EssentialFeed.app/$(BUNDLE_EXECUTABLE_FOLDER_PATH)/EssentialFeed";
			};
			name = Debug;
		};
		79151C9629ED300E00F8A06D /* Release */ = {
			isa = XCBuildConfiguration;
			buildSettings = {
				ALWAYS_EMBED_SWIFT_STANDARD_LIBRARIES = YES;
				BUNDLE_LOADER = "$(TEST_HOST)";
				CODE_SIGN_STYLE = Automatic;
				CURRENT_PROJECT_VERSION = 1;
				GENERATE_INFOPLIST_FILE = YES;
				IPHONEOS_DEPLOYMENT_TARGET = 16.4;
				MARKETING_VERSION = 1.0;
				PRODUCT_BUNDLE_IDENTIFIER = jl.coporation.EssentialFeedTests;
				PRODUCT_NAME = "$(TARGET_NAME)";
				SWIFT_EMIT_LOC_STRINGS = NO;
				SWIFT_VERSION = 5.0;
				TARGETED_DEVICE_FAMILY = "1,2";
				TEST_HOST = "$(BUILT_PRODUCTS_DIR)/EssentialFeed.app/$(BUNDLE_EXECUTABLE_FOLDER_PATH)/EssentialFeed";
			};
			name = Release;
		};
		79151C9829ED300E00F8A06D /* Debug */ = {
			isa = XCBuildConfiguration;
			buildSettings = {
				ALWAYS_EMBED_SWIFT_STANDARD_LIBRARIES = YES;
				CODE_SIGN_STYLE = Automatic;
				CURRENT_PROJECT_VERSION = 1;
				GENERATE_INFOPLIST_FILE = YES;
				MARKETING_VERSION = 1.0;
				PRODUCT_BUNDLE_IDENTIFIER = jl.coporation.EssentialFeedUITests;
				PRODUCT_NAME = "$(TARGET_NAME)";
				SWIFT_EMIT_LOC_STRINGS = NO;
				SWIFT_VERSION = 5.0;
				TARGETED_DEVICE_FAMILY = "1,2";
				TEST_TARGET_NAME = EssentialFeed;
			};
			name = Debug;
		};
		79151C9929ED300E00F8A06D /* Release */ = {
			isa = XCBuildConfiguration;
			buildSettings = {
				ALWAYS_EMBED_SWIFT_STANDARD_LIBRARIES = YES;
				CODE_SIGN_STYLE = Automatic;
				CURRENT_PROJECT_VERSION = 1;
				GENERATE_INFOPLIST_FILE = YES;
				MARKETING_VERSION = 1.0;
				PRODUCT_BUNDLE_IDENTIFIER = jl.coporation.EssentialFeedUITests;
				PRODUCT_NAME = "$(TARGET_NAME)";
				SWIFT_EMIT_LOC_STRINGS = NO;
				SWIFT_VERSION = 5.0;
				TARGETED_DEVICE_FAMILY = "1,2";
				TEST_TARGET_NAME = EssentialFeed;
			};
			name = Release;
		};
		79D79F5E2A1B8B980084B071 /* Debug */ = {
			isa = XCBuildConfiguration;
			buildSettings = {
				BUNDLE_LOADER = "$(TEST_HOST)";
				CODE_SIGN_STYLE = Automatic;
				CURRENT_PROJECT_VERSION = 1;
				DEVELOPMENT_TEAM = TJHELXE2A8;
				GENERATE_INFOPLIST_FILE = YES;
				MARKETING_VERSION = 1.0;
				PRODUCT_BUNDLE_IDENTIFIER = jl.coporation.EssentialFeedAPIEndToEndTests;
				PRODUCT_NAME = "$(TARGET_NAME)";
				SWIFT_EMIT_LOC_STRINGS = NO;
				SWIFT_VERSION = 5.0;
				TARGETED_DEVICE_FAMILY = "1,2";
				TEST_HOST = "$(BUILT_PRODUCTS_DIR)/EssentialFeed.app/$(BUNDLE_EXECUTABLE_FOLDER_PATH)/EssentialFeed";
			};
			name = Debug;
		};
		79D79F5F2A1B8B980084B071 /* Release */ = {
			isa = XCBuildConfiguration;
			buildSettings = {
				BUNDLE_LOADER = "$(TEST_HOST)";
				CODE_SIGN_STYLE = Automatic;
				CURRENT_PROJECT_VERSION = 1;
				DEVELOPMENT_TEAM = TJHELXE2A8;
				GENERATE_INFOPLIST_FILE = YES;
				MARKETING_VERSION = 1.0;
				PRODUCT_BUNDLE_IDENTIFIER = jl.coporation.EssentialFeedAPIEndToEndTests;
				PRODUCT_NAME = "$(TARGET_NAME)";
				SWIFT_EMIT_LOC_STRINGS = NO;
				SWIFT_VERSION = 5.0;
				TARGETED_DEVICE_FAMILY = "1,2";
				TEST_HOST = "$(BUILT_PRODUCTS_DIR)/EssentialFeed.app/$(BUNDLE_EXECUTABLE_FOLDER_PATH)/EssentialFeed";
			};
			name = Release;
		};
/* End XCBuildConfiguration section */

/* Begin XCConfigurationList section */
		79151C6229ED300C00F8A06D /* Build configuration list for PBXProject "EssentialFeed" */ = {
			isa = XCConfigurationList;
			buildConfigurations = (
				79151C8F29ED300E00F8A06D /* Debug */,
				79151C9029ED300E00F8A06D /* Release */,
			);
			defaultConfigurationIsVisible = 0;
			defaultConfigurationName = Debug;
		};
		79151C9129ED300E00F8A06D /* Build configuration list for PBXNativeTarget "EssentialFeed" */ = {
			isa = XCConfigurationList;
			buildConfigurations = (
				79151C9229ED300E00F8A06D /* Debug */,
				79151C9329ED300E00F8A06D /* Release */,
			);
			defaultConfigurationIsVisible = 0;
			defaultConfigurationName = Debug;
		};
		79151C9429ED300E00F8A06D /* Build configuration list for PBXNativeTarget "EssentialFeedTests" */ = {
			isa = XCConfigurationList;
			buildConfigurations = (
				79151C9529ED300E00F8A06D /* Debug */,
				79151C9629ED300E00F8A06D /* Release */,
			);
			defaultConfigurationIsVisible = 0;
			defaultConfigurationName = Debug;
		};
		79151C9729ED300E00F8A06D /* Build configuration list for PBXNativeTarget "EssentialFeedUITests" */ = {
			isa = XCConfigurationList;
			buildConfigurations = (
				79151C9829ED300E00F8A06D /* Debug */,
				79151C9929ED300E00F8A06D /* Release */,
			);
			defaultConfigurationIsVisible = 0;
			defaultConfigurationName = Debug;
		};
		79D79F5D2A1B8B980084B071 /* Build configuration list for PBXNativeTarget "EssentialFeedAPIEndToEndTests" */ = {
			isa = XCConfigurationList;
			buildConfigurations = (
				79D79F5E2A1B8B980084B071 /* Debug */,
				79D79F5F2A1B8B980084B071 /* Release */,
			);
			defaultConfigurationIsVisible = 0;
			defaultConfigurationName = Debug;
		};
/* End XCConfigurationList section */
	};
	rootObject = 79151C5F29ED300C00F8A06D /* Project object */;
}
